// !$*UTF8*$!
{
	archiveVersion = 1;
	classes = {
	};
	objectVersion = 46;
	objects = {

/* Begin PBXBuildFile section */
		8E693A241B9A412C00B76D1D /* main.swift in Sources */ = {isa = PBXBuildFile; fileRef = 8E693A231B9A412C00B76D1D /* main.swift */; };
/* End PBXBuildFile section */

/* Begin PBXCopyFilesBuildPhase section */
		8E693A1E1B9A412C00B76D1D /* CopyFiles */ = {
			isa = PBXCopyFilesBuildPhase;
			buildActionMask = 2147483647;
			dstPath = /usr/share/man/man1/;
			dstSubfolderSpec = 0;
			files = (
			);
			runOnlyForDeploymentPostprocessing = 1;
		};
/* End PBXCopyFilesBuildPhase section */

/* Begin PBXFileReference section */
		8E693A201B9A412C00B76D1D /* SystemExample */ = {isa = PBXFileReference; explicitFileType = "compiled.mach-o.executable"; includeInIndex = 0; path = SystemExample; sourceTree = BUILT_PRODUCTS_DIR; };
		8E693A231B9A412C00B76D1D /* main.swift */ = {isa = PBXFileReference; lastKnownFileType = sourcecode.swift; path = main.swift; sourceTree = "<group>"; };
/* End PBXFileReference section */

/* Begin PBXFrameworksBuildPhase section */
		8E693A1D1B9A412C00B76D1D /* Frameworks */ = {
			isa = PBXFrameworksBuildPhase;
			buildActionMask = 2147483647;
			files = (
			);
			runOnlyForDeploymentPostprocessing = 0;
		};
/* End PBXFrameworksBuildPhase section */

/* Begin PBXGroup section */
		8E693A171B9A412C00B76D1D = {
			isa = PBXGroup;
			children = (
				8E693A221B9A412C00B76D1D /* SystemExample */,
				8E693A211B9A412C00B76D1D /* Products */,
			);
			sourceTree = "<group>";
		};
		8E693A211B9A412C00B76D1D /* Products */ = {
			isa = PBXGroup;
			children = (
				8E693A201B9A412C00B76D1D /* SystemExample */,
			);
			name = Products;
			sourceTree = "<group>";
		};
		8E693A221B9A412C00B76D1D /* SystemExample */ = {
			isa = PBXGroup;
			children = (
				8E693A231B9A412C00B76D1D /* main.swift */,
			);
			path = SystemExample;
			sourceTree = "<group>";
		};
/* End PBXGroup section */

/* Begin PBXNativeTarget section */
		8E693A1F1B9A412C00B76D1D /* SystemExample */ = {
			isa = PBXNativeTarget;
			buildConfigurationList = 8E693A271B9A412C00B76D1D /* Build configuration list for PBXNativeTarget "SystemExample" */;
			buildPhases = (
				8E693A1C1B9A412C00B76D1D /* Sources */,
				8E693A1D1B9A412C00B76D1D /* Frameworks */,
				8E693A1E1B9A412C00B76D1D /* CopyFiles */,
			);
			buildRules = (
			);
			dependencies = (
			);
			name = SystemExample;
			productName = SystemExample;
			productReference = 8E693A201B9A412C00B76D1D /* SystemExample */;
			productType = "com.apple.product-type.tool";
		};
/* End PBXNativeTarget section */

/* Begin PBXProject section */
		8E693A181B9A412C00B76D1D /* Project object */ = {
			isa = PBXProject;
			attributes = {
				LastUpgradeCheck = 0700;
				ORGANIZATIONNAME = "Erica Sadun";
				TargetAttributes = {
					8E693A1F1B9A412C00B76D1D = {
						CreatedOnToolsVersion = 7.0;
					};
				};
			};
			buildConfigurationList = 8E693A1B1B9A412C00B76D1D /* Build configuration list for PBXProject "SystemExample" */;
			compatibilityVersion = "Xcode 3.2";
			developmentRegion = English;
			hasScannedForEncodings = 0;
			knownRegions = (
				en,
			);
			mainGroup = 8E693A171B9A412C00B76D1D;
			productRefGroup = 8E693A211B9A412C00B76D1D /* Products */;
			projectDirPath = "";
			projectRoot = "";
			targets = (
				8E693A1F1B9A412C00B76D1D /* SystemExample */,
			);
		};
/* End PBXProject section */

/* Begin PBXSourcesBuildPhase section */
		8E693A1C1B9A412C00B76D1D /* Sources */ = {
			isa = PBXSourcesBuildPhase;
			buildActionMask = 2147483647;
			files = (
				8E693A241B9A412C00B76D1D /* main.swift in Sources */,
			);
			runOnlyForDeploymentPostprocessing = 0;
		};
/* End PBXSourcesBuildPhase section */

/* Begin XCBuildConfiguration section */
		8E693A251B9A412C00B76D1D /* Debug */ = {
			isa = XCBuildConfiguration;
			buildSettings = {
				ALWAYS_SEARCH_USER_PATHS = NO;
				CLANG_CXX_LANGUAGE_STANDARD = "gnu++0x";
				CLANG_CXX_LIBRARY = "libc++";
				CLANG_ENABLE_MODULES = YES;
				CLANG_ENABLE_OBJC_ARC = YES;
				CLANG_WARN_BOOL_CONVERSION = YES;
				CLANG_WARN_CONSTANT_CONVERSION = YES;
				CLANG_WARN_DIRECT_OBJC_ISA_USAGE = YES_ERROR;
				CLANG_WARN_EMPTY_BODY = YES;
				CLANG_WARN_ENUM_CONVERSION = YES;
				CLANG_WARN_INT_CONVERSION = YES;
				CLANG_WARN_OBJC_ROOT_CLASS = YES_ERROR;
				CLANG_WARN_UNREACHABLE_CODE = YES;
				CLANG_WARN__DUPLICATE_METHOD_MATCH = YES;
				COPY_PHASE_STRIP = NO;
				DEBUG_INFORMATION_FORMAT = dwarf;
				ENABLE_STRICT_OBJC_MSGSEND = YES;
				ENABLE_TESTABILITY = YES;
				GCC_C_LANGUAGE_STANDARD = gnu99;
				GCC_DYNAMIC_NO_PIC = NO;
				GCC_NO_COMMON_BLOCKS = YES;
				GCC_OPTIMIZATION_LEVEL = 0;
				GCC_PREPROCESSOR_DEFINITIONS = (
					"DEBUG=1",
					"$(inherited)",
				);
				GCC_WARN_64_TO_32_BIT_CONVERSION = YES;
				GCC_WARN_ABOUT_RETURN_TYPE = YES_ERROR;
				GCC_WARN_UNDECLARED_SELECTOR = YES;
				GCC_WARN_UNINITIALIZED_AUTOS = YES_AGGRESSIVE;
				GCC_WARN_UNUSED_FUNCTION = YES;
				GCC_WARN_UNUSED_VARIABLE = YES;
				MACOSX_DEPLOYMENT_TARGET = 10.10;
				MTL_ENABLE_DEBUG_INFO = YES;
				ONLY_ACTIVE_ARCH = YES;
				SDKROOT = macosx;
				SWIFT_OPTIMIZATION_LEVEL = "-Onone";
			};
			name = Debug;
		};
		8E693A261B9A412C00B76D1D /* Release */ = {
			isa = XCBuildConfiguration;
			buildSettings = {
				ALWAYS_SEARCH_USER_PATHS = NO;
				CLANG_CXX_LANGUAGE_STANDARD = "gnu++0x";
				CLANG_CXX_LIBRARY = "libc++";
				CLANG_ENABLE_MODULES = YES;
				CLANG_ENABLE_OBJC_ARC = YES;
				CLANG_WARN_BOOL_CONVERSION = YES;
				CLANG_WARN_CONSTANT_CONVERSION = YES;
				CLANG_WARN_DIRECT_OBJC_ISA_USAGE = YES_ERROR;
				CLANG_WARN_EMPTY_BODY = YES;
				CLANG_WARN_ENUM_CONVERSION = YES;
				CLANG_WARN_INT_CONVERSION = YES;
				CLANG_WARN_OBJC_ROOT_CLASS = YES_ERROR;
				CLANG_WARN_UNREACHABLE_CODE = YES;
				CLANG_WARN__DUPLICATE_METHOD_MATCH = YES;
				COPY_PHASE_STRIP = NO;
				DEBUG_INFORMATION_FORMAT = "dwarf-with-dsym";
				ENABLE_NS_ASSERTIONS = NO;
				ENABLE_STRICT_OBJC_MSGSEND = YES;
				GCC_C_LANGUAGE_STANDARD = gnu99;
				GCC_NO_COMMON_BLOCKS = YES;
				GCC_WARN_64_TO_32_BIT_CONVERSION = YES;
				GCC_WARN_ABOUT_RETURN_TYPE = YES_ERROR;
				GCC_WARN_UNDECLARED_SELECTOR = YES;
				GCC_WARN_UNINITIALIZED_AUTOS = YES_AGGRESSIVE;
				GCC_WARN_UNUSED_FUNCTION = YES;
				GCC_WARN_UNUSED_VARIABLE = YES;
				MACOSX_DEPLOYMENT_TARGET = 10.10;
				MTL_ENABLE_DEBUG_INFO = NO;
				SDKROOT = macosx;
			};
			name = Release;
		};
		8E693A281B9A412C00B76D1D /* Debug */ = {
			isa = XCBuildConfiguration;
			buildSettings = {
				PRODUCT_NAME = "$(TARGET_NAME)";
			};
			name = Debug;
		};
		8E693A291B9A412C00B76D1D /* Release */ = {
			isa = XCBuildConfiguration;
			buildSettings = {
				PRODUCT_NAME = "$(TARGET_NAME)";
			};
			name = Release;
		};
/* End XCBuildConfiguration section */

/* Begin XCConfigurationList section */
		8E693A1B1B9A412C00B76D1D /* Build configuration list for PBXProject "SystemExample" */ = {
			isa = XCConfigurationList;
			buildConfigurations = (
				8E693A251B9A412C00B76D1D /* Debug */,
				8E693A261B9A412C00B76D1D /* Release */,
			);
			defaultConfigurationIsVisible = 0;
			defaultConfigurationName = Release;
		};
		8E693A271B9A412C00B76D1D /* Build configuration list for PBXNativeTarget "SystemExample" */ = {
			isa = XCConfigurationList;
			buildConfigurations = (
				8E693A281B9A412C00B76D1D /* Debug */,
				8E693A291B9A412C00B76D1D /* Release */,
			);
			defaultConfigurationIsVisible = 0;
		};
/* End XCConfigurationList section */
	};
	rootObject = 8E693A181B9A412C00B76D1D /* Project object */;
}
